
Microsoft Visual Studio Solution File, Format Version 12.00
# Visual Studio Version 17
VisualStudioVersion = 17.5.33627.172
MinimumVisualStudioVersion = 10.0.40219.1
Project("{9A19103F-16F7-4668-BE54-9A1E7A4F7556}") = "СonstantCustomer", "Homework_12\СonstantCustomer.csproj", "{395AA2BF-376F-47AE-AA1A-C50C2A68045B}"
EndProject
Project("{FAE04EC0-301F-11D3-BF4B-00C04F79EFBC}") = "Librarian", "Librarian\Librarian.csproj", "{FDF11E9F-EA45-41E1-9EDF-4BEB20732B69}"
EndProject
Global
	GlobalSection(SolutionConfigurationPlatforms) = preSolution
		Debug|Any CPU = Debug|Any CPU
		Release|Any CPU = Release|Any CPU
	EndGlobalSection
	GlobalSection(ProjectConfigurationPlatforms) = postSolution
		{395AA2BF-376F-47AE-AA1A-C50C2A68045B}.Debug|Any CPU.ActiveCfg = Debug|Any CPU
		{395AA2BF-376F-47AE-AA1A-C50C2A68045B}.Debug|Any CPU.Build.0 = Debug|Any CPU
		{395AA2BF-376F-47AE-AA1A-C50C2A68045B}.Release|Any CPU.ActiveCfg = Release|Any CPU
		{395AA2BF-376F-47AE-AA1A-C50C2A68045B}.Release|Any CPU.Build.0 = Release|Any CPU
		{FDF11E9F-EA45-41E1-9EDF-4BEB20732B69}.Debug|Any CPU.ActiveCfg = Debug|Any CPU
		{FDF11E9F-EA45-41E1-9EDF-4BEB20732B69}.Debug|Any CPU.Build.0 = Debug|Any CPU
		{FDF11E9F-EA45-41E1-9EDF-4BEB20732B69}.Release|Any CPU.ActiveCfg = Release|Any CPU
		{FDF11E9F-EA45-41E1-9EDF-4BEB20732B69}.Release|Any CPU.Build.0 = Release|Any CPU
	EndGlobalSection
	GlobalSection(SolutionProperties) = preSolution
		HideSolutionNode = FALSE
	EndGlobalSection
	GlobalSection(ExtensibilityGlobals) = postSolution
		SolutionGuid = {329AE28E-AEF9-4D55-8AE8-445AD26AF403}
	EndGlobalSection
EndGlobal
